
Microsoft Visual Studio Solution File, Format Version 12.00
Project("{FAE04EC0-301F-11D3-BF4B-00C04F79EFBC}") = "Spender_v2", "Spender_v2\Spender_v2.csproj", "{BCCB964D-354D-462C-9215-E4D63B1C59A6}"
EndProject
Global
	GlobalSection(SolutionConfigurationPlatforms) = preSolution
		Debug|Any CPU = Debug|Any CPU
		Release|Any CPU = Release|Any CPU
	EndGlobalSection
	GlobalSection(ProjectConfigurationPlatforms) = postSolution
		{BCCB964D-354D-462C-9215-E4D63B1C59A6}.Debug|Any CPU.ActiveCfg = Debug|Any CPU
		{BCCB964D-354D-462C-9215-E4D63B1C59A6}.Debug|Any CPU.Build.0 = Debug|Any CPU
		{BCCB964D-354D-462C-9215-E4D63B1C59A6}.Release|Any CPU.ActiveCfg = Release|Any CPU
		{BCCB964D-354D-462C-9215-E4D63B1C59A6}.Release|Any CPU.Build.0 = Release|Any CPU
	EndGlobalSection
EndGlobal
